
Microsoft Visual Studio Solution File, Format Version 12.00
# Visual Studio Version 17
VisualStudioVersion = 17.9.34728.123
MinimumVisualStudioVersion = 10.0.40219.1
Project("{FAE04EC0-301F-11D3-BF4B-00C04F79EFBC}") = "5by5_IMC", "5by5_IMC\5by5_IMC.csproj", "{12C9CCC7-B71D-458A-B0D5-587718F73472}"
EndProject
Global
	GlobalSection(SolutionConfigurationPlatforms) = preSolution
		Debug|Any CPU = Debug|Any CPU
		Release|Any CPU = Release|Any CPU
	EndGlobalSection
	GlobalSection(ProjectConfigurationPlatforms) = postSolution
		{12C9CCC7-B71D-458A-B0D5-587718F73472}.Debug|Any CPU.ActiveCfg = Debug|Any CPU
		{12C9CCC7-B71D-458A-B0D5-587718F73472}.Debug|Any CPU.Build.0 = Debug|Any CPU
		{12C9CCC7-B71D-458A-B0D5-587718F73472}.Release|Any CPU.ActiveCfg = Release|Any CPU
		{12C9CCC7-B71D-458A-B0D5-587718F73472}.Release|Any CPU.Build.0 = Release|Any CPU
	EndGlobalSection
	GlobalSection(SolutionProperties) = preSolution
		HideSolutionNode = FALSE
	EndGlobalSection
	GlobalSection(ExtensibilityGlobals) = postSolution
		SolutionGuid = {120E4ADE-4BAE-4DF4-A466-3C6D9C910C4F}
	EndGlobalSection
EndGlobal
